
Microsoft Visual Studio Solution File, Format Version 12.00
# Visual Studio Version 18
VisualStudioVersion = 18.0.11010.61
MinimumVisualStudioVersion = 10.0.40219.1
Project("{9A19103F-16F7-4668-BE54-9A1E7A4F7556}") = "MintPlayer.ObservableCollection.Test", "ObservableCollection\MintPlayer.ObservableCollection.Test\MintPlayer.ObservableCollection.Test.csproj", "{129021AF-6377-4323-8F84-7C0596DF4A91}"
EndProject
Project("{9A19103F-16F7-4668-BE54-9A1E7A4F7556}") = "MintPlayer.ObservableCollection", "ObservableCollection\MintPlayer.ObservableCollection\MintPlayer.ObservableCollection.csproj", "{D70A86FA-F9B1-4377-8D75-5DA9F56E1D51}"
EndProject
Project("{2150E333-8FDC-42A3-9474-1A3956D46DE8}") = "ObservableCollection", "ObservableCollection", "{A67D3C5B-2DCD-45B7-BFB6-D019F39C67D9}"
EndProject
Project("{2150E333-8FDC-42A3-9474-1A3956D46DE8}") = "Beid", "Beid", "{C5FE5E74-C82B-4597-8A6C-1347F2B309FE}"
EndProject
Project("{9A19103F-16F7-4668-BE54-9A1E7A4F7556}") = "MintPlayer.EidReader.Native", "Beid\MintPlayer.EidReader.Native\MintPlayer.EidReader.Native.csproj", "{0B7DD1FE-0A2C-45D5-95A8-DDB3389B8C05}"
EndProject
Project("{9A19103F-16F7-4668-BE54-9A1E7A4F7556}") = "MintPlayer.EidReader.Core", "Beid\MintPlayer.EidReader.Core\MintPlayer.EidReader.Core.csproj", "{CEF583D0-2BCF-4180-BB32-B8B5A63339D9}"
EndProject
Project("{9A19103F-16F7-4668-BE54-9A1E7A4F7556}") = "MintPlayer.EidReader", "Beid\MintPlayer.EidReader\MintPlayer.EidReader.csproj", "{27FA60DC-F162-4D60-B003-97214DBC7B30}"
EndProject
Project("{9A19103F-16F7-4668-BE54-9A1E7A4F7556}") = "MintPlayer.EidReader.Demo", "Beid\MintPlayer.EidReader.Demo\MintPlayer.EidReader.Demo.csproj", "{DF216213-0D41-40B0-96DB-9FC48862FE52}"
EndProject
Project("{2150E333-8FDC-42A3-9474-1A3956D46DE8}") = "EnumerableExtensions", "EnumerableExtensions", "{789FB457-A082-4486-B878-3EF88A4AC2D7}"
EndProject
Project("{9A19103F-16F7-4668-BE54-9A1E7A4F7556}") = "MintPlayer.EnumerableExtensions", "EnumerableExtensions\MintPlayer.EnumerableExtensions\MintPlayer.EnumerableExtensions.csproj", "{CF3DCD94-7970-40D3-9E48-04F38FA5106F}"
EndProject
Project("{2150E333-8FDC-42A3-9474-1A3956D46DE8}") = "Math", "Math", "{BAB0408A-F426-401E-A29C-B2894D3100B3}"
EndProject
Project("{9A19103F-16F7-4668-BE54-9A1E7A4F7556}") = "MintPlayer.Math", "Math\MintPlayer.Math\MintPlayer.Math.csproj", "{B2C7DDAC-3E5F-46E3-A08F-667DA483485D}"
EndProject
Project("{2150E333-8FDC-42A3-9474-1A3956D46DE8}") = "Pagination", "Pagination", "{38F03713-481F-4C03-84BC-F49703201C8A}"
EndProject
Project("{9A19103F-16F7-4668-BE54-9A1E7A4F7556}") = "MintPlayer.Mapping", "Pagination\MintPlayer.Mapping\MintPlayer.Mapping.csproj", "{51C7D682-8275-42D0-B11E-E708C9181EF2}"
EndProject
Project("{9A19103F-16F7-4668-BE54-9A1E7A4F7556}") = "MintPlayer.Pagination", "Pagination\MintPlayer.Pagination\MintPlayer.Pagination.csproj", "{F52C04D4-B618-4E89-9C33-1E5E0FE0CBF0}"
EndProject
Project("{9A19103F-16F7-4668-BE54-9A1E7A4F7556}") = "MintPlayer.Mapping.Tests", "Pagination\MintPlayer.Mapping.Tests\MintPlayer.Mapping.Tests.csproj", "{74B5C51B-8026-458A-B1F4-9150BF08F442}"
EndProject
Project("{2150E333-8FDC-42A3-9474-1A3956D46DE8}") = "SeasonChecker", "SeasonChecker", "{83E69A07-3D6C-49A4-951B-019BAD315764}"
EndProject
Project("{9A19103F-16F7-4668-BE54-9A1E7A4F7556}") = "MintPlayer.SeasonChecker.Abstractions", "SeasonChecker\MintPlayer.SeasonChecker.Abstractions\MintPlayer.SeasonChecker.Abstractions.csproj", "{4DD82E50-5F64-4D18-88AC-9AD34D8A4A23}"
EndProject
Project("{9A19103F-16F7-4668-BE54-9A1E7A4F7556}") = "MintPlayer.SeasonChecker", "SeasonChecker\MintPlayer.SeasonChecker\MintPlayer.SeasonChecker.csproj", "{F6569EE7-D759-4584-9E1B-581C770745C4}"
EndProject
Project("{2150E333-8FDC-42A3-9474-1A3956D46DE8}") = "StringBuilder", "StringBuilder", "{ACB52545-DC14-41EB-9B89-A121D9859489}"
EndProject
Project("{9A19103F-16F7-4668-BE54-9A1E7A4F7556}") = "MintPlayer.StringBuilder.Extensions", "StringBuilder\MintPlayer.StringBuilder.Extensions\MintPlayer.StringBuilder.Extensions.csproj", "{D1433A21-B930-4EFA-A91D-56A04FB68396}"
EndProject
Project("{2150E333-8FDC-42A3-9474-1A3956D46DE8}") = "StringExtensions", "StringExtensions", "{774E2FD0-4062-4A89-80BA-E40102883A23}"
EndProject
Project("{9A19103F-16F7-4668-BE54-9A1E7A4F7556}") = "MintPlayer.StringExtensions", "StringExtensions\MintPlayer.StringExtensions\MintPlayer.StringExtensions.csproj", "{91EABE69-060E-4F0A-A8BF-618E20FADCAB}"
EndProject
Project("{9A19103F-16F7-4668-BE54-9A1E7A4F7556}") = "DemoWebApp", "Beid\DemoWebApp\DemoWebApp.csproj", "{8205168B-E516-4E06-8EC7-6C61C565CCD9}"
EndProject
Project("{2150E333-8FDC-42A3-9474-1A3956D46DE8}") = "FolderHasher", "FolderHasher", "{4B15A9C0-0127-4CFA-B40B-E0E95CAAEA4B}"
EndProject
Project("{9A19103F-16F7-4668-BE54-9A1E7A4F7556}") = "MintPlayer.FolderHasher", "FolderHasher\MintPlayer.FolderHasher\MintPlayer.FolderHasher.csproj", "{C0A76EBE-CB21-49CD-8BD1-E5333B772ACF}"
EndProject
Project("{9A19103F-16F7-4668-BE54-9A1E7A4F7556}") = "MintPlayer.FolderHasher.Abstractions", "FolderHasher\MintPlayer.FolderHasher.Abstractions\MintPlayer.FolderHasher.Abstractions.csproj", "{22663A80-0813-47D0-AC10-E891CBC3A2BA}"
EndProject
Project("{9A19103F-16F7-4668-BE54-9A1E7A4F7556}") = "MintPlayer.FolderHasher.Test", "FolderHasher\MintPlayer.FolderHasher.Test\MintPlayer.FolderHasher.Test.csproj", "{7B98D37E-ACB4-452E-A078-7AD99A347C95}"
EndProject
Project("{2150E333-8FDC-42A3-9474-1A3956D46DE8}") = "GraphQL", "GraphQL", "{1648ABC5-147D-45A6-B5EA-A2DF6116838C}"
EndProject
Project("{9A19103F-16F7-4668-BE54-9A1E7A4F7556}") = "MintPlayer.GraphQL.Tools", "GraphQL\MintPlayer.GraphQL.Tools\MintPlayer.GraphQL.Tools.csproj", "{6C95D546-CE6D-495D-957B-B9E5756F2E93}"
EndProject
Project("{2150E333-8FDC-42A3-9474-1A3956D46DE8}") = "SourceGenerators", "SourceGenerators", "{C65054D9-CAD1-4124-B474-D03C178D9D78}"
EndProject
Project("{9A19103F-16F7-4668-BE54-9A1E7A4F7556}") = "MintPlayer.SourceGenerators", "SourceGenerators\SourceGenerators\MintPlayer.SourceGenerators\MintPlayer.SourceGenerators.csproj", "{5443B482-6AE1-451F-A9DE-A57250226D72}"
EndProject
Project("{9A19103F-16F7-4668-BE54-9A1E7A4F7556}") = "MintPlayer.SourceGenerators.Tools", "SourceGenerators\MintPlayer.SourceGenerators.Tools\MintPlayer.SourceGenerators.Tools.csproj", "{82C6CB67-DDC0-4791-B975-39A970BD4CDC}"
EndProject
Project("{FAE04EC0-301F-11D3-BF4B-00C04F79EFBC}") = "MintPlayer.SourceGenerators.Attributes", "SourceGenerators\SourceGenerators\MintPlayer.SourceGenerators.Attributes\MintPlayer.SourceGenerators.Attributes.csproj", "{6F4991E0-B4D8-43BA-92C0-15DD37ED7CD3}"
EndProject
Project("{2150E333-8FDC-42A3-9474-1A3956D46DE8}") = "Verz", "Verz", "{0D1D2D90-BCFA-47EE-8C72-2E10405F96DF}"
EndProject
Project("{FAE04EC0-301F-11D3-BF4B-00C04F79EFBC}") = "MintPlayer.Verz", "Verz\MintPlayer.Verz\MintPlayer.Verz.csproj", "{D93E38AC-5865-4455-A94A-33B66C6328BE}"
EndProject
Project("{FAE04EC0-301F-11D3-BF4B-00C04F79EFBC}") = "MintPlayer.ObservableCollection.Extensions", "ObservableCollection\MintPlayer.ObservableCollection.Extensions\MintPlayer.ObservableCollection.Extensions.csproj", "{0833621C-AFB4-4E25-9A4D-7B2E44CA7E05}"
EndProject
Project("{FAE04EC0-301F-11D3-BF4B-00C04F79EFBC}") = "MintPlayer.ObservableCollection.Avalonia.Desktop", "ObservableCollection\AvaloniaTest\MintPlayer.ObservableCollection.Avalonia.Desktop\MintPlayer.ObservableCollection.Avalonia.Desktop.csproj", "{0BFF0671-2B0D-49BE-A583-FE087034AB11}"
EndProject
Project("{2150E333-8FDC-42A3-9474-1A3956D46DE8}") = "AvaloniaTest", "AvaloniaTest", "{9B869A7B-598C-4F67-B962-F00F08920850}"
EndProject
Project("{FAE04EC0-301F-11D3-BF4B-00C04F79EFBC}") = "MintPlayer.ObservableCollection.Avalonia", "ObservableCollection\AvaloniaTest\MintPlayer.ObservableCollection.Avalonia\MintPlayer.ObservableCollection.Avalonia.csproj", "{0560946F-6297-45F1-844A-4AB091E2A954}"
EndProject
Project("{2150E333-8FDC-42A3-9474-1A3956D46DE8}") = "TestProjects", "TestProjects", "{1614A8B2-CA9A-4F94-B68A-BCC8ED244648}"
EndProject
Project("{FAE04EC0-301F-11D3-BF4B-00C04F79EFBC}") = "DependencyInjectionDebugging", "SourceGenerators\TestProjects\DependencyInjectionDebugging\DependencyInjectionDebugging.csproj", "{61A8B896-5E76-411F-951F-4D2BF0344281}"
EndProject
Project("{FAE04EC0-301F-11D3-BF4B-00C04F79EFBC}") = "MintPlayer.SourceGenerators.Debug", "SourceGenerators\TestProjects\MintPlayer.SourceGenerators.Debug\MintPlayer.SourceGenerators.Debug.csproj", "{9BF030D9-7CBB-458C-8051-E1D7FB9D7E46}"
EndProject
Project("{FAE04EC0-301F-11D3-BF4B-00C04F79EFBC}") = "InterfaceImplementationDebugging", "SourceGenerators\TestProjects\InterfaceImplementationDebugging\InterfaceImplementationDebugging.csproj", "{ABA2F1E2-B21B-425D-AB54-CC9EF317ADED}"
EndProject
Project("{FAE04EC0-301F-11D3-BF4B-00C04F79EFBC}") = "MintPlayer.Verz.Targets", "Verz\MintPlayer.Verz.Targets\MintPlayer.Verz.Targets.csproj", "{FB165C76-751D-4F5F-B679-5D3E6FF9CE6F}"
EndProject
Project("{2150E333-8FDC-42A3-9474-1A3956D46DE8}") = "Reactive", "Reactive", "{BB82EF0A-A91C-4101-ADF7-1B5F7E78437C}"
EndProject
Project("{FAE04EC0-301F-11D3-BF4B-00C04F79EFBC}") = "MintPlayer.Reactive.Demo", "Reactive\MintPlayer.Reactive.Demo\MintPlayer.Reactive.Demo.csproj", "{D0E1690B-DB99-4BD3-A670-73EA83767BE0}"
EndProject
Project("{2150E333-8FDC-42A3-9474-1A3956D46DE8}") = "Registries", "Registries", "{02EA681E-C7D8-13C7-8484-4AC65E1B71E8}"
EndProject
Project("{2150E333-8FDC-42A3-9474-1A3956D46DE8}") = "Sdks", "Sdks", "{70F0E7B6-BE00-4C08-95A8-F770E8A347AA}"
EndProject
Project("{FAE04EC0-301F-11D3-BF4B-00C04F79EFBC}") = "MintPlayer.Verz.Registry.NugetOrg", "Verz\Registries\MintPlayer.Verz.Registry.NugetOrg\MintPlayer.Verz.Registry.NugetOrg.csproj", "{9B74EABC-1C4B-4114-B473-A7797EADE9F0}"
EndProject
Project("{FAE04EC0-301F-11D3-BF4B-00C04F79EFBC}") = "MintPlayer.Verz.Sdks.Dotnet", "Verz\Sdks\MintPlayer.Verz.Sdks.Dotnet\MintPlayer.Verz.Sdks.Dotnet.csproj", "{21DD82D8-C8A9-4D7F-AF53-BBB95B5C39D0}"
EndProject
Project("{FAE04EC0-301F-11D3-BF4B-00C04F79EFBC}") = "MintPlayer.Verz.Core", "Verz\MintPlayer.Verz.Core\MintPlayer.Verz.Core.csproj", "{E89AB902-5CF4-4C12-B235-AD2AB75F6A31}"
EndProject
Project("{2150E333-8FDC-42A3-9474-1A3956D46DE8}") = "AsyncPipeline", "AsyncPipeline", "{D7D9606E-C356-42AC-825E-AC02C74C1E20}"
EndProject
Project("{FAE04EC0-301F-11D3-BF4B-00C04F79EFBC}") = "MintPlayer.AsyncPipeline", "AsyncPipeline\MintPlayer.AsyncPipeline\MintPlayer.AsyncPipeline.csproj", "{088EA630-9972-4CAE-9EED-B590A11ECBE6}"
EndProject
Project("{FAE04EC0-301F-11D3-BF4B-00C04F79EFBC}") = "MintPlayer.AsyncPipeline.Demo", "AsyncPipeline\MintPlayer.AsyncPipeline.Demo\MintPlayer.AsyncPipeline.Demo.csproj", "{0245D1D2-DBC7-433F-89D9-DEF824072F08}"
EndProject
Project("{2150E333-8FDC-42A3-9474-1A3956D46DE8}") = "ValueComparerGenerator", "ValueComparerGenerator", "{52B3BB68-C350-4BDE-8BFC-CBCEF46189E1}"
EndProject
Project("{FAE04EC0-301F-11D3-BF4B-00C04F79EFBC}") = "MintPlayer.ValueComparerGenerator.Attributes", "SourceGenerators\ValueComparerGenerator\MintPlayer.ValueComparerGenerator.Attributes\MintPlayer.ValueComparerGenerator.Attributes.csproj", "{52B9CEAE-8A53-4CE9-8DBE-F72F6D2C5FC8}"
EndProject
Project("{FAE04EC0-301F-11D3-BF4B-00C04F79EFBC}") = "MintPlayer.ValueComparerGenerator", "SourceGenerators\ValueComparerGenerator\MintPlayer.ValueComparerGenerator\MintPlayer.ValueComparerGenerator.csproj", "{79B18B02-2F46-FAD5-DC3B-72234A7374E7}"
EndProject
Project("{FAE04EC0-301F-11D3-BF4B-00C04F79EFBC}") = "ValueComparerDebugging", "SourceGenerators\TestProjects\ValueComparerDebugging\ValueComparerDebugging.csproj", "{12840C0C-9186-4833-8180-9D4F8A416E42}"
EndProject
Project("{2150E333-8FDC-42A3-9474-1A3956D46DE8}") = "SourceGenerators", "SourceGenerators", "{0F5CE474-092E-48CC-A6DF-2A988A5ADC32}"
EndProject
Project("{2150E333-8FDC-42A3-9474-1A3956D46DE8}") = "eng", "eng", "{4690C409-91FD-458E-9CC2-4A179C20DA48}"
	ProjectSection(SolutionItems) = preProject
		SourceGenerators\eng\dependencyinjection.targets = SourceGenerators\eng\dependencyinjection.targets
		SourceGenerators\eng\filenesting.targets = SourceGenerators\eng\filenesting.targets
		SourceGenerators\eng\newtonsoftjson.targets = SourceGenerators\eng\newtonsoftjson.targets
		SourceGenerators\eng\sourcegenerator.targets = SourceGenerators\eng\sourcegenerator.targets
		SourceGenerators\eng\valuecomparergenerator.targets = SourceGenerators\eng\valuecomparergenerator.targets
	EndProjectSection
EndProject
Project("{2150E333-8FDC-42A3-9474-1A3956D46DE8}") = "ValueComparers", "ValueComparers", "{8E4DD3AC-2565-4C9D-94ED-960C03A9D7F8}"
EndProject
Project("{FAE04EC0-301F-11D3-BF4B-00C04F79EFBC}") = "MintPlayer.ValueComparers.NewtonsoftJson", "SourceGenerators\ValueComparers\MintPlayer.ValueComparers.NewtonsoftJson\MintPlayer.ValueComparers.NewtonsoftJson.csproj", "{08DD5F55-535B-432E-AFB7-02E69D6F4417}"
EndProject
Project("{2150E333-8FDC-42A3-9474-1A3956D46DE8}") = "Helpers", "Helpers", "{D4992485-AD63-4439-B032-D2FBE46C5C65}"
EndProject
Project("{FAE04EC0-301F-11D3-BF4B-00C04F79EFBC}") = "RemoveObjBin", "Helpers\RemoveObjBin\RemoveObjBin.csproj", "{DDAF5340-C90D-4EC1-B0E1-F9E5CECB1A44}"
EndProject
Project("{2150E333-8FDC-42A3-9474-1A3956D46DE8}") = "Sdks", "Sdks", "{8604A250-552F-48D8-8FF0-02C06B627A8C}"
EndProject
Project("{FAE04EC0-301F-11D3-BF4B-00C04F79EFBC}") = "MintPlayer.Vidyano.Sdk", "Sdks\MintPlayer.Vidyano.Sdk\MintPlayer.Vidyano.Sdk.csproj", "{1687F914-B76A-4DB4-9076-1492EAEA42F1}"
EndProject
Project("{2150E333-8FDC-42A3-9474-1A3956D46DE8}") = "MSBuildTasks", "MSBuildTasks", "{7FF25677-4801-406D-89BC-5791CA0ACD2F}"
EndProject
Project("{FAE04EC0-301F-11D3-BF4B-00C04F79EFBC}") = "MintPlayer.MSBuild.Tasks", "MSBuildTasks\MintPlayer.MSBuild.Tasks\MintPlayer.MSBuild.Tasks.csproj", "{32BFD99C-E7EA-427D-8F13-A7588E84C6A9}"
EndProject
Project("{2150E333-8FDC-42A3-9474-1A3956D46DE8}") = "CodeMigrations", "CodeMigrations", "{D1480FCB-7DA9-4D5B-BE28-3A4758EB313B}"
EndProject
Project("{FAE04EC0-301F-11D3-BF4B-00C04F79EFBC}") = "MintPlayer.CodeMigrations.Tools", "CodeMigrations\MintPlayer.CodeMigrations.Tools\MintPlayer.CodeMigrations.Tools.csproj", "{22D540B1-C510-4E9F-B4E1-A5E7D38D9717}"
EndProject
Project("{FAE04EC0-301F-11D3-BF4B-00C04F79EFBC}") = "MintPlayer.CodeMigrations.Runner", "CodeMigrations\MintPlayer.CodeMigrations.Runner\MintPlayer.CodeMigrations.Runner.csproj", "{C87AAF91-FF01-4FBE-8577-FEFB364F71E2}"
EndProject
Project("{2150E333-8FDC-42A3-9474-1A3956D46DE8}") = "Mapper", "Mapper", "{B4336EBD-C69C-49A4-9747-053748B1AE25}"
EndProject
Project("{FAE04EC0-301F-11D3-BF4B-00C04F79EFBC}") = "MintPlayer.Mapper", "SourceGenerators\Mapper\MintPlayer.Mapper\MintPlayer.Mapper.csproj", "{4A002A4D-6A41-4E2D-B155-59D1D91370E6}"
EndProject
Project("{FAE04EC0-301F-11D3-BF4B-00C04F79EFBC}") = "MintPlayer.Mapper.Attributes", "SourceGenerators\Mapper\MintPlayer.Mapper.Attributes\MintPlayer.Mapper.Attributes.csproj", "{8562F10D-A7BA-4A71-96B8-0B33CAD28F2C}"
EndProject
Project("{FAE04EC0-301F-11D3-BF4B-00C04F79EFBC}") = "MapperDebugging", "SourceGenerators\TestProjects\MapperDebugging\MapperDebugging.csproj", "{E0C0CCEF-141A-4A3A-A528-790676FE2A7D}"
EndProject
Project("{FAE04EC0-301F-11D3-BF4B-00C04F79EFBC}") = "MintPlayer.NestFiles", "Helpers\MintPlayer.NestFiles\MintPlayer.NestFiles.csproj", "{0AA3041B-3DF5-4C12-A15E-53EE1D214E97}"
EndProject
Project("{FAE04EC0-301F-11D3-BF4B-00C04F79EFBC}") = "MintPlayer.SourceGenerators.Targets", "SourceGenerators\MintPlayer.SourceGenerators.Targets\MintPlayer.SourceGenerators.Targets.csproj", "{8A5F52C9-4EC7-45DA-A7B8-94F3C90F2F94}"
EndProject
Project("{2150E333-8FDC-42A3-9474-1A3956D46DE8}") = "Http", "Http", "{BE967E23-E7A7-4A55-912D-38FD21068E1D}"
EndProject
Project("{FAE04EC0-301F-11D3-BF4B-00C04F79EFBC}") = "MintPlayer.Http", "Http\MintPlayer.Http\MintPlayer.Http.csproj", "{9BCC691D-02F6-4F52-BB14-BB99825959B9}"
EndProject
Project("{2150E333-8FDC-42A3-9474-1A3956D46DE8}") = "AdminHelper", "AdminHelper", "{41AC5E0E-BCB6-4F0F-A991-C5D19C66828C}"
EndProject
Project("{FAE04EC0-301F-11D3-BF4B-00C04F79EFBC}") = "MintPlayer.AdminHelper", "AdminHelper\MintPlayer.AdminHelper\MintPlayer.AdminHelper.csproj", "{447355EB-ED1F-4701-955F-598D00E1E207}"
EndProject
Project("{FAE04EC0-301F-11D3-BF4B-00C04F79EFBC}") = "AdminTest", "AdminHelper\AdminTest\AdminTest.csproj", "{CC34556F-529A-4186-AD6C-5F986808D8A5}"
EndProject
Project("{FAE04EC0-301F-11D3-BF4B-00C04F79EFBC}") = "HttpDemo", "Http\HttpDemo\HttpDemo.csproj", "{1B7D12B7-A830-477A-A8DD-456D9355B9C5}"
EndProject
Project("{FAE04EC0-301F-11D3-BF4B-00C04F79EFBC}") = "WidgetApi", "Http\WidgetApi\WidgetApi.csproj", "{F46DDBEC-F535-48E6-B94C-4A62F63512BF}"
EndProject
Global
	GlobalSection(SolutionConfigurationPlatforms) = preSolution
		Debug|Any CPU = Debug|Any CPU
		Release|Any CPU = Release|Any CPU
	EndGlobalSection
	GlobalSection(ProjectConfigurationPlatforms) = postSolution
		{129021AF-6377-4323-8F84-7C0596DF4A91}.Debug|Any CPU.ActiveCfg = Debug|Any CPU
		{129021AF-6377-4323-8F84-7C0596DF4A91}.Debug|Any CPU.Build.0 = Debug|Any CPU
		{129021AF-6377-4323-8F84-7C0596DF4A91}.Release|Any CPU.ActiveCfg = Release|Any CPU
		{129021AF-6377-4323-8F84-7C0596DF4A91}.Release|Any CPU.Build.0 = Release|Any CPU
		{D70A86FA-F9B1-4377-8D75-5DA9F56E1D51}.Debug|Any CPU.ActiveCfg = Debug|Any CPU
		{D70A86FA-F9B1-4377-8D75-5DA9F56E1D51}.Debug|Any CPU.Build.0 = Debug|Any CPU
		{D70A86FA-F9B1-4377-8D75-5DA9F56E1D51}.Release|Any CPU.ActiveCfg = Release|Any CPU
		{D70A86FA-F9B1-4377-8D75-5DA9F56E1D51}.Release|Any CPU.Build.0 = Release|Any CPU
		{0B7DD1FE-0A2C-45D5-95A8-DDB3389B8C05}.Debug|Any CPU.ActiveCfg = Debug|Any CPU
		{0B7DD1FE-0A2C-45D5-95A8-DDB3389B8C05}.Debug|Any CPU.Build.0 = Debug|Any CPU
		{0B7DD1FE-0A2C-45D5-95A8-DDB3389B8C05}.Release|Any CPU.ActiveCfg = Release|Any CPU
		{0B7DD1FE-0A2C-45D5-95A8-DDB3389B8C05}.Release|Any CPU.Build.0 = Release|Any CPU
		{CEF583D0-2BCF-4180-BB32-B8B5A63339D9}.Debug|Any CPU.ActiveCfg = Debug|Any CPU
		{CEF583D0-2BCF-4180-BB32-B8B5A63339D9}.Debug|Any CPU.Build.0 = Debug|Any CPU
		{CEF583D0-2BCF-4180-BB32-B8B5A63339D9}.Release|Any CPU.ActiveCfg = Release|Any CPU
		{CEF583D0-2BCF-4180-BB32-B8B5A63339D9}.Release|Any CPU.Build.0 = Release|Any CPU
		{27FA60DC-F162-4D60-B003-97214DBC7B30}.Debug|Any CPU.ActiveCfg = Debug|Any CPU
		{27FA60DC-F162-4D60-B003-97214DBC7B30}.Debug|Any CPU.Build.0 = Debug|Any CPU
		{27FA60DC-F162-4D60-B003-97214DBC7B30}.Release|Any CPU.ActiveCfg = Release|Any CPU
		{27FA60DC-F162-4D60-B003-97214DBC7B30}.Release|Any CPU.Build.0 = Release|Any CPU
		{DF216213-0D41-40B0-96DB-9FC48862FE52}.Debug|Any CPU.ActiveCfg = Debug|Any CPU
		{DF216213-0D41-40B0-96DB-9FC48862FE52}.Debug|Any CPU.Build.0 = Debug|Any CPU
		{DF216213-0D41-40B0-96DB-9FC48862FE52}.Release|Any CPU.ActiveCfg = Release|Any CPU
		{DF216213-0D41-40B0-96DB-9FC48862FE52}.Release|Any CPU.Build.0 = Release|Any CPU
		{CF3DCD94-7970-40D3-9E48-04F38FA5106F}.Debug|Any CPU.ActiveCfg = Debug|Any CPU
		{CF3DCD94-7970-40D3-9E48-04F38FA5106F}.Debug|Any CPU.Build.0 = Debug|Any CPU
		{CF3DCD94-7970-40D3-9E48-04F38FA5106F}.Release|Any CPU.ActiveCfg = Release|Any CPU
		{CF3DCD94-7970-40D3-9E48-04F38FA5106F}.Release|Any CPU.Build.0 = Release|Any CPU
		{B2C7DDAC-3E5F-46E3-A08F-667DA483485D}.Debug|Any CPU.ActiveCfg = Debug|Any CPU
		{B2C7DDAC-3E5F-46E3-A08F-667DA483485D}.Debug|Any CPU.Build.0 = Debug|Any CPU
		{B2C7DDAC-3E5F-46E3-A08F-667DA483485D}.Release|Any CPU.ActiveCfg = Release|Any CPU
		{B2C7DDAC-3E5F-46E3-A08F-667DA483485D}.Release|Any CPU.Build.0 = Release|Any CPU
		{51C7D682-8275-42D0-B11E-E708C9181EF2}.Debug|Any CPU.ActiveCfg = Debug|Any CPU
		{51C7D682-8275-42D0-B11E-E708C9181EF2}.Debug|Any CPU.Build.0 = Debug|Any CPU
		{51C7D682-8275-42D0-B11E-E708C9181EF2}.Release|Any CPU.ActiveCfg = Release|Any CPU
		{51C7D682-8275-42D0-B11E-E708C9181EF2}.Release|Any CPU.Build.0 = Release|Any CPU
		{F52C04D4-B618-4E89-9C33-1E5E0FE0CBF0}.Debug|Any CPU.ActiveCfg = Debug|Any CPU
		{F52C04D4-B618-4E89-9C33-1E5E0FE0CBF0}.Debug|Any CPU.Build.0 = Debug|Any CPU
		{F52C04D4-B618-4E89-9C33-1E5E0FE0CBF0}.Release|Any CPU.ActiveCfg = Release|Any CPU
		{F52C04D4-B618-4E89-9C33-1E5E0FE0CBF0}.Release|Any CPU.Build.0 = Release|Any CPU
		{74B5C51B-8026-458A-B1F4-9150BF08F442}.Debug|Any CPU.ActiveCfg = Debug|Any CPU
		{74B5C51B-8026-458A-B1F4-9150BF08F442}.Debug|Any CPU.Build.0 = Debug|Any CPU
		{74B5C51B-8026-458A-B1F4-9150BF08F442}.Release|Any CPU.ActiveCfg = Release|Any CPU
		{74B5C51B-8026-458A-B1F4-9150BF08F442}.Release|Any CPU.Build.0 = Release|Any CPU
		{4DD82E50-5F64-4D18-88AC-9AD34D8A4A23}.Debug|Any CPU.ActiveCfg = Debug|Any CPU
		{4DD82E50-5F64-4D18-88AC-9AD34D8A4A23}.Debug|Any CPU.Build.0 = Debug|Any CPU
		{4DD82E50-5F64-4D18-88AC-9AD34D8A4A23}.Release|Any CPU.ActiveCfg = Release|Any CPU
		{4DD82E50-5F64-4D18-88AC-9AD34D8A4A23}.Release|Any CPU.Build.0 = Release|Any CPU
		{F6569EE7-D759-4584-9E1B-581C770745C4}.Debug|Any CPU.ActiveCfg = Debug|Any CPU
		{F6569EE7-D759-4584-9E1B-581C770745C4}.Debug|Any CPU.Build.0 = Debug|Any CPU
		{F6569EE7-D759-4584-9E1B-581C770745C4}.Release|Any CPU.ActiveCfg = Release|Any CPU
		{F6569EE7-D759-4584-9E1B-581C770745C4}.Release|Any CPU.Build.0 = Release|Any CPU
		{D1433A21-B930-4EFA-A91D-56A04FB68396}.Debug|Any CPU.ActiveCfg = Debug|Any CPU
		{D1433A21-B930-4EFA-A91D-56A04FB68396}.Debug|Any CPU.Build.0 = Debug|Any CPU
		{D1433A21-B930-4EFA-A91D-56A04FB68396}.Release|Any CPU.ActiveCfg = Release|Any CPU
		{D1433A21-B930-4EFA-A91D-56A04FB68396}.Release|Any CPU.Build.0 = Release|Any CPU
		{91EABE69-060E-4F0A-A8BF-618E20FADCAB}.Debug|Any CPU.ActiveCfg = Debug|Any CPU
		{91EABE69-060E-4F0A-A8BF-618E20FADCAB}.Debug|Any CPU.Build.0 = Debug|Any CPU
		{91EABE69-060E-4F0A-A8BF-618E20FADCAB}.Release|Any CPU.ActiveCfg = Release|Any CPU
		{91EABE69-060E-4F0A-A8BF-618E20FADCAB}.Release|Any CPU.Build.0 = Release|Any CPU
		{8205168B-E516-4E06-8EC7-6C61C565CCD9}.Debug|Any CPU.ActiveCfg = Debug|Any CPU
		{8205168B-E516-4E06-8EC7-6C61C565CCD9}.Debug|Any CPU.Build.0 = Debug|Any CPU
		{8205168B-E516-4E06-8EC7-6C61C565CCD9}.Release|Any CPU.ActiveCfg = Release|Any CPU
		{8205168B-E516-4E06-8EC7-6C61C565CCD9}.Release|Any CPU.Build.0 = Release|Any CPU
		{C0A76EBE-CB21-49CD-8BD1-E5333B772ACF}.Debug|Any CPU.ActiveCfg = Debug|Any CPU
		{C0A76EBE-CB21-49CD-8BD1-E5333B772ACF}.Debug|Any CPU.Build.0 = Debug|Any CPU
		{C0A76EBE-CB21-49CD-8BD1-E5333B772ACF}.Release|Any CPU.ActiveCfg = Release|Any CPU
		{C0A76EBE-CB21-49CD-8BD1-E5333B772ACF}.Release|Any CPU.Build.0 = Release|Any CPU
		{22663A80-0813-47D0-AC10-E891CBC3A2BA}.Debug|Any CPU.ActiveCfg = Debug|Any CPU
		{22663A80-0813-47D0-AC10-E891CBC3A2BA}.Debug|Any CPU.Build.0 = Debug|Any CPU
		{22663A80-0813-47D0-AC10-E891CBC3A2BA}.Release|Any CPU.ActiveCfg = Release|Any CPU
		{22663A80-0813-47D0-AC10-E891CBC3A2BA}.Release|Any CPU.Build.0 = Release|Any CPU
		{7B98D37E-ACB4-452E-A078-7AD99A347C95}.Debug|Any CPU.ActiveCfg = Debug|Any CPU
		{7B98D37E-ACB4-452E-A078-7AD99A347C95}.Debug|Any CPU.Build.0 = Debug|Any CPU
		{7B98D37E-ACB4-452E-A078-7AD99A347C95}.Release|Any CPU.ActiveCfg = Release|Any CPU
		{7B98D37E-ACB4-452E-A078-7AD99A347C95}.Release|Any CPU.Build.0 = Release|Any CPU
		{6C95D546-CE6D-495D-957B-B9E5756F2E93}.Debug|Any CPU.ActiveCfg = Debug|Any CPU
		{6C95D546-CE6D-495D-957B-B9E5756F2E93}.Debug|Any CPU.Build.0 = Debug|Any CPU
		{6C95D546-CE6D-495D-957B-B9E5756F2E93}.Release|Any CPU.ActiveCfg = Release|Any CPU
		{6C95D546-CE6D-495D-957B-B9E5756F2E93}.Release|Any CPU.Build.0 = Release|Any CPU
		{5443B482-6AE1-451F-A9DE-A57250226D72}.Debug|Any CPU.ActiveCfg = Debug|Any CPU
		{5443B482-6AE1-451F-A9DE-A57250226D72}.Debug|Any CPU.Build.0 = Debug|Any CPU
		{5443B482-6AE1-451F-A9DE-A57250226D72}.Release|Any CPU.ActiveCfg = Release|Any CPU
		{5443B482-6AE1-451F-A9DE-A57250226D72}.Release|Any CPU.Build.0 = Release|Any CPU
		{82C6CB67-DDC0-4791-B975-39A970BD4CDC}.Debug|Any CPU.ActiveCfg = Debug|Any CPU
		{82C6CB67-DDC0-4791-B975-39A970BD4CDC}.Debug|Any CPU.Build.0 = Debug|Any CPU
		{82C6CB67-DDC0-4791-B975-39A970BD4CDC}.Release|Any CPU.ActiveCfg = Release|Any CPU
		{82C6CB67-DDC0-4791-B975-39A970BD4CDC}.Release|Any CPU.Build.0 = Release|Any CPU
		{6F4991E0-B4D8-43BA-92C0-15DD37ED7CD3}.Debug|Any CPU.ActiveCfg = Debug|Any CPU
		{6F4991E0-B4D8-43BA-92C0-15DD37ED7CD3}.Debug|Any CPU.Build.0 = Debug|Any CPU
		{6F4991E0-B4D8-43BA-92C0-15DD37ED7CD3}.Release|Any CPU.ActiveCfg = Release|Any CPU
		{6F4991E0-B4D8-43BA-92C0-15DD37ED7CD3}.Release|Any CPU.Build.0 = Release|Any CPU
		{D93E38AC-5865-4455-A94A-33B66C6328BE}.Debug|Any CPU.ActiveCfg = Debug|Any CPU
		{D93E38AC-5865-4455-A94A-33B66C6328BE}.Debug|Any CPU.Build.0 = Debug|Any CPU
		{D93E38AC-5865-4455-A94A-33B66C6328BE}.Release|Any CPU.ActiveCfg = Release|Any CPU
		{D93E38AC-5865-4455-A94A-33B66C6328BE}.Release|Any CPU.Build.0 = Release|Any CPU
		{0833621C-AFB4-4E25-9A4D-7B2E44CA7E05}.Debug|Any CPU.ActiveCfg = Debug|Any CPU
		{0833621C-AFB4-4E25-9A4D-7B2E44CA7E05}.Debug|Any CPU.Build.0 = Debug|Any CPU
		{0833621C-AFB4-4E25-9A4D-7B2E44CA7E05}.Release|Any CPU.ActiveCfg = Release|Any CPU
		{0833621C-AFB4-4E25-9A4D-7B2E44CA7E05}.Release|Any CPU.Build.0 = Release|Any CPU
		{0BFF0671-2B0D-49BE-A583-FE087034AB11}.Debug|Any CPU.ActiveCfg = Debug|Any CPU
		{0BFF0671-2B0D-49BE-A583-FE087034AB11}.Debug|Any CPU.Build.0 = Debug|Any CPU
		{0BFF0671-2B0D-49BE-A583-FE087034AB11}.Release|Any CPU.ActiveCfg = Release|Any CPU
		{0BFF0671-2B0D-49BE-A583-FE087034AB11}.Release|Any CPU.Build.0 = Release|Any CPU
		{0560946F-6297-45F1-844A-4AB091E2A954}.Debug|Any CPU.ActiveCfg = Debug|Any CPU
		{0560946F-6297-45F1-844A-4AB091E2A954}.Debug|Any CPU.Build.0 = Debug|Any CPU
		{0560946F-6297-45F1-844A-4AB091E2A954}.Release|Any CPU.ActiveCfg = Release|Any CPU
		{0560946F-6297-45F1-844A-4AB091E2A954}.Release|Any CPU.Build.0 = Release|Any CPU
		{61A8B896-5E76-411F-951F-4D2BF0344281}.Debug|Any CPU.ActiveCfg = Debug|Any CPU
		{61A8B896-5E76-411F-951F-4D2BF0344281}.Debug|Any CPU.Build.0 = Debug|Any CPU
		{61A8B896-5E76-411F-951F-4D2BF0344281}.Release|Any CPU.ActiveCfg = Release|Any CPU
		{61A8B896-5E76-411F-951F-4D2BF0344281}.Release|Any CPU.Build.0 = Release|Any CPU
		{9BF030D9-7CBB-458C-8051-E1D7FB9D7E46}.Debug|Any CPU.ActiveCfg = Debug|Any CPU
		{9BF030D9-7CBB-458C-8051-E1D7FB9D7E46}.Debug|Any CPU.Build.0 = Debug|Any CPU
		{9BF030D9-7CBB-458C-8051-E1D7FB9D7E46}.Release|Any CPU.ActiveCfg = Release|Any CPU
		{9BF030D9-7CBB-458C-8051-E1D7FB9D7E46}.Release|Any CPU.Build.0 = Release|Any CPU
		{ABA2F1E2-B21B-425D-AB54-CC9EF317ADED}.Debug|Any CPU.ActiveCfg = Debug|Any CPU
		{ABA2F1E2-B21B-425D-AB54-CC9EF317ADED}.Debug|Any CPU.Build.0 = Debug|Any CPU
		{ABA2F1E2-B21B-425D-AB54-CC9EF317ADED}.Release|Any CPU.ActiveCfg = Release|Any CPU
		{ABA2F1E2-B21B-425D-AB54-CC9EF317ADED}.Release|Any CPU.Build.0 = Release|Any CPU
		{FB165C76-751D-4F5F-B679-5D3E6FF9CE6F}.Debug|Any CPU.ActiveCfg = Debug|Any CPU
		{FB165C76-751D-4F5F-B679-5D3E6FF9CE6F}.Debug|Any CPU.Build.0 = Debug|Any CPU
		{FB165C76-751D-4F5F-B679-5D3E6FF9CE6F}.Release|Any CPU.ActiveCfg = Release|Any CPU
		{FB165C76-751D-4F5F-B679-5D3E6FF9CE6F}.Release|Any CPU.Build.0 = Release|Any CPU
		{D0E1690B-DB99-4BD3-A670-73EA83767BE0}.Debug|Any CPU.ActiveCfg = Debug|Any CPU
		{D0E1690B-DB99-4BD3-A670-73EA83767BE0}.Debug|Any CPU.Build.0 = Debug|Any CPU
		{D0E1690B-DB99-4BD3-A670-73EA83767BE0}.Release|Any CPU.ActiveCfg = Release|Any CPU
		{D0E1690B-DB99-4BD3-A670-73EA83767BE0}.Release|Any CPU.Build.0 = Release|Any CPU
		{9B74EABC-1C4B-4114-B473-A7797EADE9F0}.Debug|Any CPU.ActiveCfg = Debug|Any CPU
		{9B74EABC-1C4B-4114-B473-A7797EADE9F0}.Debug|Any CPU.Build.0 = Debug|Any CPU
		{9B74EABC-1C4B-4114-B473-A7797EADE9F0}.Release|Any CPU.ActiveCfg = Release|Any CPU
		{9B74EABC-1C4B-4114-B473-A7797EADE9F0}.Release|Any CPU.Build.0 = Release|Any CPU
		{21DD82D8-C8A9-4D7F-AF53-BBB95B5C39D0}.Debug|Any CPU.ActiveCfg = Debug|Any CPU
		{21DD82D8-C8A9-4D7F-AF53-BBB95B5C39D0}.Debug|Any CPU.Build.0 = Debug|Any CPU
		{21DD82D8-C8A9-4D7F-AF53-BBB95B5C39D0}.Release|Any CPU.ActiveCfg = Release|Any CPU
		{21DD82D8-C8A9-4D7F-AF53-BBB95B5C39D0}.Release|Any CPU.Build.0 = Release|Any CPU
		{E89AB902-5CF4-4C12-B235-AD2AB75F6A31}.Debug|Any CPU.ActiveCfg = Debug|Any CPU
		{E89AB902-5CF4-4C12-B235-AD2AB75F6A31}.Debug|Any CPU.Build.0 = Debug|Any CPU
		{E89AB902-5CF4-4C12-B235-AD2AB75F6A31}.Release|Any CPU.ActiveCfg = Release|Any CPU
		{E89AB902-5CF4-4C12-B235-AD2AB75F6A31}.Release|Any CPU.Build.0 = Release|Any CPU
		{088EA630-9972-4CAE-9EED-B590A11ECBE6}.Debug|Any CPU.ActiveCfg = Debug|Any CPU
		{088EA630-9972-4CAE-9EED-B590A11ECBE6}.Debug|Any CPU.Build.0 = Debug|Any CPU
		{088EA630-9972-4CAE-9EED-B590A11ECBE6}.Release|Any CPU.ActiveCfg = Release|Any CPU
		{088EA630-9972-4CAE-9EED-B590A11ECBE6}.Release|Any CPU.Build.0 = Release|Any CPU
		{0245D1D2-DBC7-433F-89D9-DEF824072F08}.Debug|Any CPU.ActiveCfg = Debug|Any CPU
		{0245D1D2-DBC7-433F-89D9-DEF824072F08}.Debug|Any CPU.Build.0 = Debug|Any CPU
		{0245D1D2-DBC7-433F-89D9-DEF824072F08}.Release|Any CPU.ActiveCfg = Release|Any CPU
		{0245D1D2-DBC7-433F-89D9-DEF824072F08}.Release|Any CPU.Build.0 = Release|Any CPU
		{52B9CEAE-8A53-4CE9-8DBE-F72F6D2C5FC8}.Debug|Any CPU.ActiveCfg = Debug|Any CPU
		{52B9CEAE-8A53-4CE9-8DBE-F72F6D2C5FC8}.Debug|Any CPU.Build.0 = Debug|Any CPU
		{52B9CEAE-8A53-4CE9-8DBE-F72F6D2C5FC8}.Release|Any CPU.ActiveCfg = Release|Any CPU
		{52B9CEAE-8A53-4CE9-8DBE-F72F6D2C5FC8}.Release|Any CPU.Build.0 = Release|Any CPU
		{79B18B02-2F46-FAD5-DC3B-72234A7374E7}.Debug|Any CPU.ActiveCfg = Debug|Any CPU
		{79B18B02-2F46-FAD5-DC3B-72234A7374E7}.Debug|Any CPU.Build.0 = Debug|Any CPU
		{79B18B02-2F46-FAD5-DC3B-72234A7374E7}.Release|Any CPU.ActiveCfg = Release|Any CPU
		{79B18B02-2F46-FAD5-DC3B-72234A7374E7}.Release|Any CPU.Build.0 = Release|Any CPU
		{12840C0C-9186-4833-8180-9D4F8A416E42}.Debug|Any CPU.ActiveCfg = Debug|Any CPU
		{12840C0C-9186-4833-8180-9D4F8A416E42}.Debug|Any CPU.Build.0 = Debug|Any CPU
		{12840C0C-9186-4833-8180-9D4F8A416E42}.Release|Any CPU.ActiveCfg = Release|Any CPU
		{12840C0C-9186-4833-8180-9D4F8A416E42}.Release|Any CPU.Build.0 = Release|Any CPU
		{08DD5F55-535B-432E-AFB7-02E69D6F4417}.Debug|Any CPU.ActiveCfg = Debug|Any CPU
		{08DD5F55-535B-432E-AFB7-02E69D6F4417}.Debug|Any CPU.Build.0 = Debug|Any CPU
		{08DD5F55-535B-432E-AFB7-02E69D6F4417}.Release|Any CPU.ActiveCfg = Release|Any CPU
		{08DD5F55-535B-432E-AFB7-02E69D6F4417}.Release|Any CPU.Build.0 = Release|Any CPU
		{DDAF5340-C90D-4EC1-B0E1-F9E5CECB1A44}.Debug|Any CPU.ActiveCfg = Debug|Any CPU
		{DDAF5340-C90D-4EC1-B0E1-F9E5CECB1A44}.Debug|Any CPU.Build.0 = Debug|Any CPU
		{DDAF5340-C90D-4EC1-B0E1-F9E5CECB1A44}.Release|Any CPU.ActiveCfg = Release|Any CPU
		{DDAF5340-C90D-4EC1-B0E1-F9E5CECB1A44}.Release|Any CPU.Build.0 = Release|Any CPU
		{1687F914-B76A-4DB4-9076-1492EAEA42F1}.Debug|Any CPU.ActiveCfg = Debug|Any CPU
		{1687F914-B76A-4DB4-9076-1492EAEA42F1}.Debug|Any CPU.Build.0 = Debug|Any CPU
		{1687F914-B76A-4DB4-9076-1492EAEA42F1}.Release|Any CPU.ActiveCfg = Release|Any CPU
		{1687F914-B76A-4DB4-9076-1492EAEA42F1}.Release|Any CPU.Build.0 = Release|Any CPU
		{32BFD99C-E7EA-427D-8F13-A7588E84C6A9}.Debug|Any CPU.ActiveCfg = Debug|Any CPU
		{32BFD99C-E7EA-427D-8F13-A7588E84C6A9}.Debug|Any CPU.Build.0 = Debug|Any CPU
		{32BFD99C-E7EA-427D-8F13-A7588E84C6A9}.Release|Any CPU.ActiveCfg = Release|Any CPU
		{32BFD99C-E7EA-427D-8F13-A7588E84C6A9}.Release|Any CPU.Build.0 = Release|Any CPU
		{22D540B1-C510-4E9F-B4E1-A5E7D38D9717}.Debug|Any CPU.ActiveCfg = Debug|Any CPU
		{22D540B1-C510-4E9F-B4E1-A5E7D38D9717}.Debug|Any CPU.Build.0 = Debug|Any CPU
		{22D540B1-C510-4E9F-B4E1-A5E7D38D9717}.Release|Any CPU.ActiveCfg = Release|Any CPU
		{22D540B1-C510-4E9F-B4E1-A5E7D38D9717}.Release|Any CPU.Build.0 = Release|Any CPU
		{C87AAF91-FF01-4FBE-8577-FEFB364F71E2}.Debug|Any CPU.ActiveCfg = Debug|Any CPU
		{C87AAF91-FF01-4FBE-8577-FEFB364F71E2}.Debug|Any CPU.Build.0 = Debug|Any CPU
		{C87AAF91-FF01-4FBE-8577-FEFB364F71E2}.Release|Any CPU.ActiveCfg = Release|Any CPU
		{C87AAF91-FF01-4FBE-8577-FEFB364F71E2}.Release|Any CPU.Build.0 = Release|Any CPU
		{4A002A4D-6A41-4E2D-B155-59D1D91370E6}.Debug|Any CPU.ActiveCfg = Debug|Any CPU
		{4A002A4D-6A41-4E2D-B155-59D1D91370E6}.Debug|Any CPU.Build.0 = Debug|Any CPU
		{4A002A4D-6A41-4E2D-B155-59D1D91370E6}.Release|Any CPU.ActiveCfg = Release|Any CPU
		{4A002A4D-6A41-4E2D-B155-59D1D91370E6}.Release|Any CPU.Build.0 = Release|Any CPU
		{8562F10D-A7BA-4A71-96B8-0B33CAD28F2C}.Debug|Any CPU.ActiveCfg = Debug|Any CPU
		{8562F10D-A7BA-4A71-96B8-0B33CAD28F2C}.Debug|Any CPU.Build.0 = Debug|Any CPU
		{8562F10D-A7BA-4A71-96B8-0B33CAD28F2C}.Release|Any CPU.ActiveCfg = Release|Any CPU
		{8562F10D-A7BA-4A71-96B8-0B33CAD28F2C}.Release|Any CPU.Build.0 = Release|Any CPU
		{E0C0CCEF-141A-4A3A-A528-790676FE2A7D}.Debug|Any CPU.ActiveCfg = Debug|Any CPU
		{E0C0CCEF-141A-4A3A-A528-790676FE2A7D}.Debug|Any CPU.Build.0 = Debug|Any CPU
		{E0C0CCEF-141A-4A3A-A528-790676FE2A7D}.Release|Any CPU.ActiveCfg = Release|Any CPU
		{E0C0CCEF-141A-4A3A-A528-790676FE2A7D}.Release|Any CPU.Build.0 = Release|Any CPU
		{0AA3041B-3DF5-4C12-A15E-53EE1D214E97}.Debug|Any CPU.ActiveCfg = Debug|Any CPU
		{0AA3041B-3DF5-4C12-A15E-53EE1D214E97}.Debug|Any CPU.Build.0 = Debug|Any CPU
		{0AA3041B-3DF5-4C12-A15E-53EE1D214E97}.Release|Any CPU.ActiveCfg = Release|Any CPU
		{0AA3041B-3DF5-4C12-A15E-53EE1D214E97}.Release|Any CPU.Build.0 = Release|Any CPU
		{8A5F52C9-4EC7-45DA-A7B8-94F3C90F2F94}.Debug|Any CPU.ActiveCfg = Debug|Any CPU
		{8A5F52C9-4EC7-45DA-A7B8-94F3C90F2F94}.Debug|Any CPU.Build.0 = Debug|Any CPU
		{8A5F52C9-4EC7-45DA-A7B8-94F3C90F2F94}.Release|Any CPU.ActiveCfg = Release|Any CPU
		{8A5F52C9-4EC7-45DA-A7B8-94F3C90F2F94}.Release|Any CPU.Build.0 = Release|Any CPU
		{9BCC691D-02F6-4F52-BB14-BB99825959B9}.Debug|Any CPU.ActiveCfg = Debug|Any CPU
		{9BCC691D-02F6-4F52-BB14-BB99825959B9}.Debug|Any CPU.Build.0 = Debug|Any CPU
		{9BCC691D-02F6-4F52-BB14-BB99825959B9}.Release|Any CPU.ActiveCfg = Release|Any CPU
		{9BCC691D-02F6-4F52-BB14-BB99825959B9}.Release|Any CPU.Build.0 = Release|Any CPU
		{447355EB-ED1F-4701-955F-598D00E1E207}.Debug|Any CPU.ActiveCfg = Debug|Any CPU
		{447355EB-ED1F-4701-955F-598D00E1E207}.Debug|Any CPU.Build.0 = Debug|Any CPU
		{447355EB-ED1F-4701-955F-598D00E1E207}.Release|Any CPU.ActiveCfg = Release|Any CPU
		{447355EB-ED1F-4701-955F-598D00E1E207}.Release|Any CPU.Build.0 = Release|Any CPU
		{CC34556F-529A-4186-AD6C-5F986808D8A5}.Debug|Any CPU.ActiveCfg = Debug|Any CPU
		{CC34556F-529A-4186-AD6C-5F986808D8A5}.Debug|Any CPU.Build.0 = Debug|Any CPU
		{CC34556F-529A-4186-AD6C-5F986808D8A5}.Release|Any CPU.ActiveCfg = Release|Any CPU
		{CC34556F-529A-4186-AD6C-5F986808D8A5}.Release|Any CPU.Build.0 = Release|Any CPU
		{1B7D12B7-A830-477A-A8DD-456D9355B9C5}.Debug|Any CPU.ActiveCfg = Debug|Any CPU
		{1B7D12B7-A830-477A-A8DD-456D9355B9C5}.Debug|Any CPU.Build.0 = Debug|Any CPU
		{1B7D12B7-A830-477A-A8DD-456D9355B9C5}.Release|Any CPU.ActiveCfg = Release|Any CPU
		{1B7D12B7-A830-477A-A8DD-456D9355B9C5}.Release|Any CPU.Build.0 = Release|Any CPU
		{F46DDBEC-F535-48E6-B94C-4A62F63512BF}.Debug|Any CPU.ActiveCfg = Debug|Any CPU
		{F46DDBEC-F535-48E6-B94C-4A62F63512BF}.Debug|Any CPU.Build.0 = Debug|Any CPU
		{F46DDBEC-F535-48E6-B94C-4A62F63512BF}.Release|Any CPU.ActiveCfg = Release|Any CPU
		{F46DDBEC-F535-48E6-B94C-4A62F63512BF}.Release|Any CPU.Build.0 = Release|Any CPU
	EndGlobalSection
	GlobalSection(SolutionProperties) = preSolution
		HideSolutionNode = FALSE
	EndGlobalSection
	GlobalSection(NestedProjects) = preSolution
		{129021AF-6377-4323-8F84-7C0596DF4A91} = {A67D3C5B-2DCD-45B7-BFB6-D019F39C67D9}
		{D70A86FA-F9B1-4377-8D75-5DA9F56E1D51} = {A67D3C5B-2DCD-45B7-BFB6-D019F39C67D9}
		{0B7DD1FE-0A2C-45D5-95A8-DDB3389B8C05} = {C5FE5E74-C82B-4597-8A6C-1347F2B309FE}
		{CEF583D0-2BCF-4180-BB32-B8B5A63339D9} = {C5FE5E74-C82B-4597-8A6C-1347F2B309FE}
		{27FA60DC-F162-4D60-B003-97214DBC7B30} = {C5FE5E74-C82B-4597-8A6C-1347F2B309FE}
		{DF216213-0D41-40B0-96DB-9FC48862FE52} = {C5FE5E74-C82B-4597-8A6C-1347F2B309FE}
		{CF3DCD94-7970-40D3-9E48-04F38FA5106F} = {789FB457-A082-4486-B878-3EF88A4AC2D7}
		{B2C7DDAC-3E5F-46E3-A08F-667DA483485D} = {BAB0408A-F426-401E-A29C-B2894D3100B3}
		{51C7D682-8275-42D0-B11E-E708C9181EF2} = {38F03713-481F-4C03-84BC-F49703201C8A}
		{F52C04D4-B618-4E89-9C33-1E5E0FE0CBF0} = {38F03713-481F-4C03-84BC-F49703201C8A}
		{74B5C51B-8026-458A-B1F4-9150BF08F442} = {38F03713-481F-4C03-84BC-F49703201C8A}
		{4DD82E50-5F64-4D18-88AC-9AD34D8A4A23} = {83E69A07-3D6C-49A4-951B-019BAD315764}
		{F6569EE7-D759-4584-9E1B-581C770745C4} = {83E69A07-3D6C-49A4-951B-019BAD315764}
		{D1433A21-B930-4EFA-A91D-56A04FB68396} = {ACB52545-DC14-41EB-9B89-A121D9859489}
		{91EABE69-060E-4F0A-A8BF-618E20FADCAB} = {774E2FD0-4062-4A89-80BA-E40102883A23}
		{8205168B-E516-4E06-8EC7-6C61C565CCD9} = {C5FE5E74-C82B-4597-8A6C-1347F2B309FE}
		{C0A76EBE-CB21-49CD-8BD1-E5333B772ACF} = {4B15A9C0-0127-4CFA-B40B-E0E95CAAEA4B}
		{22663A80-0813-47D0-AC10-E891CBC3A2BA} = {4B15A9C0-0127-4CFA-B40B-E0E95CAAEA4B}
		{7B98D37E-ACB4-452E-A078-7AD99A347C95} = {4B15A9C0-0127-4CFA-B40B-E0E95CAAEA4B}
		{6C95D546-CE6D-495D-957B-B9E5756F2E93} = {1648ABC5-147D-45A6-B5EA-A2DF6116838C}
		{5443B482-6AE1-451F-A9DE-A57250226D72} = {0F5CE474-092E-48CC-A6DF-2A988A5ADC32}
		{82C6CB67-DDC0-4791-B975-39A970BD4CDC} = {C65054D9-CAD1-4124-B474-D03C178D9D78}
		{6F4991E0-B4D8-43BA-92C0-15DD37ED7CD3} = {0F5CE474-092E-48CC-A6DF-2A988A5ADC32}
		{D93E38AC-5865-4455-A94A-33B66C6328BE} = {0D1D2D90-BCFA-47EE-8C72-2E10405F96DF}
		{0833621C-AFB4-4E25-9A4D-7B2E44CA7E05} = {A67D3C5B-2DCD-45B7-BFB6-D019F39C67D9}
		{0BFF0671-2B0D-49BE-A583-FE087034AB11} = {9B869A7B-598C-4F67-B962-F00F08920850}
		{9B869A7B-598C-4F67-B962-F00F08920850} = {A67D3C5B-2DCD-45B7-BFB6-D019F39C67D9}
		{0560946F-6297-45F1-844A-4AB091E2A954} = {9B869A7B-598C-4F67-B962-F00F08920850}
		{1614A8B2-CA9A-4F94-B68A-BCC8ED244648} = {C65054D9-CAD1-4124-B474-D03C178D9D78}
		{61A8B896-5E76-411F-951F-4D2BF0344281} = {1614A8B2-CA9A-4F94-B68A-BCC8ED244648}
		{9BF030D9-7CBB-458C-8051-E1D7FB9D7E46} = {1614A8B2-CA9A-4F94-B68A-BCC8ED244648}
		{ABA2F1E2-B21B-425D-AB54-CC9EF317ADED} = {1614A8B2-CA9A-4F94-B68A-BCC8ED244648}
		{FB165C76-751D-4F5F-B679-5D3E6FF9CE6F} = {0D1D2D90-BCFA-47EE-8C72-2E10405F96DF}
		{D0E1690B-DB99-4BD3-A670-73EA83767BE0} = {BB82EF0A-A91C-4101-ADF7-1B5F7E78437C}
		{02EA681E-C7D8-13C7-8484-4AC65E1B71E8} = {0D1D2D90-BCFA-47EE-8C72-2E10405F96DF}
		{70F0E7B6-BE00-4C08-95A8-F770E8A347AA} = {0D1D2D90-BCFA-47EE-8C72-2E10405F96DF}
		{9B74EABC-1C4B-4114-B473-A7797EADE9F0} = {02EA681E-C7D8-13C7-8484-4AC65E1B71E8}
		{21DD82D8-C8A9-4D7F-AF53-BBB95B5C39D0} = {70F0E7B6-BE00-4C08-95A8-F770E8A347AA}
		{E89AB902-5CF4-4C12-B235-AD2AB75F6A31} = {0D1D2D90-BCFA-47EE-8C72-2E10405F96DF}
		{088EA630-9972-4CAE-9EED-B590A11ECBE6} = {D7D9606E-C356-42AC-825E-AC02C74C1E20}
		{0245D1D2-DBC7-433F-89D9-DEF824072F08} = {D7D9606E-C356-42AC-825E-AC02C74C1E20}
		{52B3BB68-C350-4BDE-8BFC-CBCEF46189E1} = {C65054D9-CAD1-4124-B474-D03C178D9D78}
		{52B9CEAE-8A53-4CE9-8DBE-F72F6D2C5FC8} = {52B3BB68-C350-4BDE-8BFC-CBCEF46189E1}
		{79B18B02-2F46-FAD5-DC3B-72234A7374E7} = {52B3BB68-C350-4BDE-8BFC-CBCEF46189E1}
		{12840C0C-9186-4833-8180-9D4F8A416E42} = {1614A8B2-CA9A-4F94-B68A-BCC8ED244648}
		{0F5CE474-092E-48CC-A6DF-2A988A5ADC32} = {C65054D9-CAD1-4124-B474-D03C178D9D78}
		{4690C409-91FD-458E-9CC2-4A179C20DA48} = {C65054D9-CAD1-4124-B474-D03C178D9D78}
		{8E4DD3AC-2565-4C9D-94ED-960C03A9D7F8} = {C65054D9-CAD1-4124-B474-D03C178D9D78}
		{08DD5F55-535B-432E-AFB7-02E69D6F4417} = {8E4DD3AC-2565-4C9D-94ED-960C03A9D7F8}
		{DDAF5340-C90D-4EC1-B0E1-F9E5CECB1A44} = {D4992485-AD63-4439-B032-D2FBE46C5C65}
		{1687F914-B76A-4DB4-9076-1492EAEA42F1} = {8604A250-552F-48D8-8FF0-02C06B627A8C}
		{32BFD99C-E7EA-427D-8F13-A7588E84C6A9} = {7FF25677-4801-406D-89BC-5791CA0ACD2F}
		{22D540B1-C510-4E9F-B4E1-A5E7D38D9717} = {D1480FCB-7DA9-4D5B-BE28-3A4758EB313B}
		{C87AAF91-FF01-4FBE-8577-FEFB364F71E2} = {D1480FCB-7DA9-4D5B-BE28-3A4758EB313B}
		{B4336EBD-C69C-49A4-9747-053748B1AE25} = {C65054D9-CAD1-4124-B474-D03C178D9D78}
		{4A002A4D-6A41-4E2D-B155-59D1D91370E6} = {B4336EBD-C69C-49A4-9747-053748B1AE25}
		{8562F10D-A7BA-4A71-96B8-0B33CAD28F2C} = {B4336EBD-C69C-49A4-9747-053748B1AE25}
		{E0C0CCEF-141A-4A3A-A528-790676FE2A7D} = {1614A8B2-CA9A-4F94-B68A-BCC8ED244648}
		{0AA3041B-3DF5-4C12-A15E-53EE1D214E97} = {D4992485-AD63-4439-B032-D2FBE46C5C65}
		{8A5F52C9-4EC7-45DA-A7B8-94F3C90F2F94} = {C65054D9-CAD1-4124-B474-D03C178D9D78}
		{9BCC691D-02F6-4F52-BB14-BB99825959B9} = {BE967E23-E7A7-4A55-912D-38FD21068E1D}
		{447355EB-ED1F-4701-955F-598D00E1E207} = {41AC5E0E-BCB6-4F0F-A991-C5D19C66828C}
		{CC34556F-529A-4186-AD6C-5F986808D8A5} = {41AC5E0E-BCB6-4F0F-A991-C5D19C66828C}
		{1B7D12B7-A830-477A-A8DD-456D9355B9C5} = {BE967E23-E7A7-4A55-912D-38FD21068E1D}
		{F46DDBEC-F535-48E6-B94C-4A62F63512BF} = {BE967E23-E7A7-4A55-912D-38FD21068E1D}
	EndGlobalSection
	GlobalSection(ExtensibilityGlobals) = postSolution
		SolutionGuid = {D5378D43-9246-4355-8C4B-880DB15B07DA}
	EndGlobalSection
EndGlobal
