
Microsoft Visual Studio Solution File, Format Version 12.00
# Visual Studio Version 17
VisualStudioVersion = 17.8.34511.84
MinimumVisualStudioVersion = 10.0.40219.1
Project("{2150E333-8FDC-42A3-9474-1A3956D46DE8}") = "SourceGenerators", "SourceGenerators", "{C65054D9-CAD1-4124-B474-D03C178D9D78}"
EndProject
Project("{9A19103F-16F7-4668-BE54-9A1E7A4F7556}") = "MintPlayer.SourceGenerators", "SourceGenerators\MintPlayer.SourceGenerators\MintPlayer.SourceGenerators.csproj", "{5443B482-6AE1-451F-A9DE-A57250226D72}"
EndProject
Project("{9A19103F-16F7-4668-BE54-9A1E7A4F7556}") = "MintPlayer.SourceGenerators.Tools", "SourceGenerators\MintPlayer.SourceGenerators.Tools\MintPlayer.SourceGenerators.Tools.csproj", "{82C6CB67-DDC0-4791-B975-39A970BD4CDC}"
EndProject
Global
	GlobalSection(SolutionConfigurationPlatforms) = preSolution
		Debug|Any CPU = Debug|Any CPU
		Release|Any CPU = Release|Any CPU
	EndGlobalSection
	GlobalSection(ProjectConfigurationPlatforms) = postSolution
		{5443B482-6AE1-451F-A9DE-A57250226D72}.Debug|Any CPU.ActiveCfg = Debug|Any CPU
		{5443B482-6AE1-451F-A9DE-A57250226D72}.Debug|Any CPU.Build.0 = Debug|Any CPU
		{5443B482-6AE1-451F-A9DE-A57250226D72}.Release|Any CPU.ActiveCfg = Release|Any CPU
		{5443B482-6AE1-451F-A9DE-A57250226D72}.Release|Any CPU.Build.0 = Release|Any CPU
		{82C6CB67-DDC0-4791-B975-39A970BD4CDC}.Debug|Any CPU.ActiveCfg = Debug|Any CPU
		{82C6CB67-DDC0-4791-B975-39A970BD4CDC}.Debug|Any CPU.Build.0 = Debug|Any CPU
		{82C6CB67-DDC0-4791-B975-39A970BD4CDC}.Release|Any CPU.ActiveCfg = Release|Any CPU
		{82C6CB67-DDC0-4791-B975-39A970BD4CDC}.Release|Any CPU.Build.0 = Release|Any CPU
	EndGlobalSection
	GlobalSection(SolutionProperties) = preSolution
		HideSolutionNode = FALSE
	EndGlobalSection
	GlobalSection(NestedProjects) = preSolution
		{5443B482-6AE1-451F-A9DE-A57250226D72} = {C65054D9-CAD1-4124-B474-D03C178D9D78}
		{82C6CB67-DDC0-4791-B975-39A970BD4CDC} = {C65054D9-CAD1-4124-B474-D03C178D9D78}
	EndGlobalSection
	GlobalSection(ExtensibilityGlobals) = postSolution
		SolutionGuid = {D5378D43-9246-4355-8C4B-880DB15B07DA}
	EndGlobalSection
EndGlobal
