
Microsoft Visual Studio Solution File, Format Version 12.00
# Visual Studio Version 16
VisualStudioVersion = 16.0.29411.108
MinimumVisualStudioVersion = 10.0.40219.1
Project("{9A19103F-16F7-4668-BE54-9A1E7A4F7556}") = "MintPlayer.ObservableCollection.Test", "MintPlayer.ObservableCollection.Test\MintPlayer.ObservableCollection.Test.csproj", "{129021AF-6377-4323-8F84-7C0596DF4A91}"
EndProject
Project("{9A19103F-16F7-4668-BE54-9A1E7A4F7556}") = "MintPlayer.ObservableCollection", "MintPlayer.ObservableCollection\MintPlayer.ObservableCollection.csproj", "{D70A86FA-F9B1-4377-8D75-5DA9F56E1D51}"
EndProject
Global
	GlobalSection(SolutionConfigurationPlatforms) = preSolution
		Debug|Any CPU = Debug|Any CPU
		Release|Any CPU = Release|Any CPU
	EndGlobalSection
	GlobalSection(ProjectConfigurationPlatforms) = postSolution
		{985C16EE-A15F-458C-BEA8-194EC96987C5}.Debug|Any CPU.ActiveCfg = Debug|Any CPU
		{985C16EE-A15F-458C-BEA8-194EC96987C5}.Debug|Any CPU.Build.0 = Debug|Any CPU
		{985C16EE-A15F-458C-BEA8-194EC96987C5}.Release|Any CPU.ActiveCfg = Release|Any CPU
		{985C16EE-A15F-458C-BEA8-194EC96987C5}.Release|Any CPU.Build.0 = Release|Any CPU
		{129021AF-6377-4323-8F84-7C0596DF4A91}.Debug|Any CPU.ActiveCfg = Debug|Any CPU
		{129021AF-6377-4323-8F84-7C0596DF4A91}.Debug|Any CPU.Build.0 = Debug|Any CPU
		{129021AF-6377-4323-8F84-7C0596DF4A91}.Release|Any CPU.ActiveCfg = Release|Any CPU
		{129021AF-6377-4323-8F84-7C0596DF4A91}.Release|Any CPU.Build.0 = Release|Any CPU
		{D70A86FA-F9B1-4377-8D75-5DA9F56E1D51}.Debug|Any CPU.ActiveCfg = Debug|Any CPU
		{D70A86FA-F9B1-4377-8D75-5DA9F56E1D51}.Debug|Any CPU.Build.0 = Debug|Any CPU
		{D70A86FA-F9B1-4377-8D75-5DA9F56E1D51}.Release|Any CPU.ActiveCfg = Release|Any CPU
		{D70A86FA-F9B1-4377-8D75-5DA9F56E1D51}.Release|Any CPU.Build.0 = Release|Any CPU
	EndGlobalSection
	GlobalSection(SolutionProperties) = preSolution
		HideSolutionNode = FALSE
	EndGlobalSection
	GlobalSection(ExtensibilityGlobals) = postSolution
		SolutionGuid = {D5378D43-9246-4355-8C4B-880DB15B07DA}
	EndGlobalSection
EndGlobal
